// !$*UTF8*$!
{
	archiveVersion = 1;
	classes = {
	};
	objectVersion = 56;
	objects = {

/* Begin PBXBuildFile section */
		6FE7AA12299AEFC900D5A802 /* LandmarksApp.swift in Sources */ = {isa = PBXBuildFile; fileRef = 6FE7AA11299AEFC900D5A802 /* LandmarksApp.swift */; };
		6FE7AA14299AEFC900D5A802 /* ContentView.swift in Sources */ = {isa = PBXBuildFile; fileRef = 6FE7AA13299AEFC900D5A802 /* ContentView.swift */; };
		6FE7AA16299AEFCA00D5A802 /* Assets.xcassets in Resources */ = {isa = PBXBuildFile; fileRef = 6FE7AA15299AEFCA00D5A802 /* Assets.xcassets */; };
		6FE7AA19299AEFCA00D5A802 /* Preview Assets.xcassets in Resources */ = {isa = PBXBuildFile; fileRef = 6FE7AA18299AEFCA00D5A802 /* Preview Assets.xcassets */; };
		6FE7AA23299AEFCA00D5A802 /* LandmarksTests.swift in Sources */ = {isa = PBXBuildFile; fileRef = 6FE7AA22299AEFCA00D5A802 /* LandmarksTests.swift */; };
		6FE7AA2D299AEFCA00D5A802 /* LandmarksUITests.swift in Sources */ = {isa = PBXBuildFile; fileRef = 6FE7AA2C299AEFCA00D5A802 /* LandmarksUITests.swift */; };
		6FE7AA2F299AEFCA00D5A802 /* LandmarksUITestsLaunchTests.swift in Sources */ = {isa = PBXBuildFile; fileRef = 6FE7AA2E299AEFCA00D5A802 /* LandmarksUITestsLaunchTests.swift */; };
		6FE7AA3E299B123500D5A802 /* MapView.swift in Sources */ = {isa = PBXBuildFile; fileRef = 6FE7AA3D299B123500D5A802 /* MapView.swift */; };
		6FE7AA40299B1B2400D5A802 /* CircleImage.swift in Sources */ = {isa = PBXBuildFile; fileRef = 6FE7AA3F299B1B2400D5A802 /* CircleImage.swift */; };
/* End PBXBuildFile section */

/* Begin PBXContainerItemProxy section */
		6FE7AA1F299AEFCA00D5A802 /* PBXContainerItemProxy */ = {
			isa = PBXContainerItemProxy;
			containerPortal = 6FE7AA06299AEFC900D5A802 /* Project object */;
			proxyType = 1;
			remoteGlobalIDString = 6FE7AA0D299AEFC900D5A802;
			remoteInfo = Landmarks;
		};
		6FE7AA29299AEFCA00D5A802 /* PBXContainerItemProxy */ = {
			isa = PBXContainerItemProxy;
			containerPortal = 6FE7AA06299AEFC900D5A802 /* Project object */;
			proxyType = 1;
			remoteGlobalIDString = 6FE7AA0D299AEFC900D5A802;
			remoteInfo = Landmarks;
		};
/* End PBXContainerItemProxy section */

/* Begin PBXFileReference section */
		6FE7AA0E299AEFC900D5A802 /* Landmarks.app */ = {isa = PBXFileReference; explicitFileType = wrapper.application; includeInIndex = 0; path = Landmarks.app; sourceTree = BUILT_PRODUCTS_DIR; };
		6FE7AA11299AEFC900D5A802 /* LandmarksApp.swift */ = {isa = PBXFileReference; lastKnownFileType = sourcecode.swift; path = LandmarksApp.swift; sourceTree = "<group>"; };
		6FE7AA13299AEFC900D5A802 /* ContentView.swift */ = {isa = PBXFileReference; lastKnownFileType = sourcecode.swift; path = ContentView.swift; sourceTree = "<group>"; };
		6FE7AA15299AEFCA00D5A802 /* Assets.xcassets */ = {isa = PBXFileReference; lastKnownFileType = folder.assetcatalog; path = Assets.xcassets; sourceTree = "<group>"; };
		6FE7AA18299AEFCA00D5A802 /* Preview Assets.xcassets */ = {isa = PBXFileReference; lastKnownFileType = folder.assetcatalog; path = "Preview Assets.xcassets"; sourceTree = "<group>"; };
		6FE7AA1E299AEFCA00D5A802 /* LandmarksTests.xctest */ = {isa = PBXFileReference; explicitFileType = wrapper.cfbundle; includeInIndex = 0; path = LandmarksTests.xctest; sourceTree = BUILT_PRODUCTS_DIR; };
		6FE7AA22299AEFCA00D5A802 /* LandmarksTests.swift */ = {isa = PBXFileReference; lastKnownFileType = sourcecode.swift; path = LandmarksTests.swift; sourceTree = "<group>"; };
		6FE7AA28299AEFCA00D5A802 /* LandmarksUITests.xctest */ = {isa = PBXFileReference; explicitFileType = wrapper.cfbundle; includeInIndex = 0; path = LandmarksUITests.xctest; sourceTree = BUILT_PRODUCTS_DIR; };
		6FE7AA2C299AEFCA00D5A802 /* LandmarksUITests.swift */ = {isa = PBXFileReference; lastKnownFileType = sourcecode.swift; path = LandmarksUITests.swift; sourceTree = "<group>"; };
		6FE7AA2E299AEFCA00D5A802 /* LandmarksUITestsLaunchTests.swift */ = {isa = PBXFileReference; lastKnownFileType = sourcecode.swift; path = LandmarksUITestsLaunchTests.swift; sourceTree = "<group>"; };
		6FE7AA3D299B123500D5A802 /* MapView.swift */ = {isa = PBXFileReference; lastKnownFileType = sourcecode.swift; path = MapView.swift; sourceTree = "<group>"; };
		6FE7AA3F299B1B2400D5A802 /* CircleImage.swift */ = {isa = PBXFileReference; lastKnownFileType = sourcecode.swift; path = CircleImage.swift; sourceTree = "<group>"; };
/* End PBXFileReference section */

/* Begin PBXFrameworksBuildPhase section */
		6FE7AA0B299AEFC900D5A802 /* Frameworks */ = {
			isa = PBXFrameworksBuildPhase;
			buildActionMask = 2147483647;
			files = (
			);
			runOnlyForDeploymentPostprocessing = 0;
		};
		6FE7AA1B299AEFCA00D5A802 /* Frameworks */ = {
			isa = PBXFrameworksBuildPhase;
			buildActionMask = 2147483647;
			files = (
			);
			runOnlyForDeploymentPostprocessing = 0;
		};
		6FE7AA25299AEFCA00D5A802 /* Frameworks */ = {
			isa = PBXFrameworksBuildPhase;
			buildActionMask = 2147483647;
			files = (
			);
			runOnlyForDeploymentPostprocessing = 0;
		};
/* End PBXFrameworksBuildPhase section */

/* Begin PBXGroup section */
		6FE7AA05299AEFC900D5A802 = {
			isa = PBXGroup;
			children = (
				6FE7AA10299AEFC900D5A802 /* Landmarks */,
				6FE7AA21299AEFCA00D5A802 /* LandmarksTests */,
				6FE7AA2B299AEFCA00D5A802 /* LandmarksUITests */,
				6FE7AA0F299AEFC900D5A802 /* Products */,
			);
			sourceTree = "<group>";
		};
		6FE7AA0F299AEFC900D5A802 /* Products */ = {
			isa = PBXGroup;
			children = (
				6FE7AA0E299AEFC900D5A802 /* Landmarks.app */,
				6FE7AA1E299AEFCA00D5A802 /* LandmarksTests.xctest */,
				6FE7AA28299AEFCA00D5A802 /* LandmarksUITests.xctest */,
			);
			name = Products;
			sourceTree = "<group>";
		};
		6FE7AA10299AEFC900D5A802 /* Landmarks */ = {
			isa = PBXGroup;
			children = (
				6FE7AA11299AEFC900D5A802 /* LandmarksApp.swift */,
				6FE7AA13299AEFC900D5A802 /* ContentView.swift */,
				6FE7AA3F299B1B2400D5A802 /* CircleImage.swift */,
				6FE7AA3D299B123500D5A802 /* MapView.swift */,
				6FE7AA15299AEFCA00D5A802 /* Assets.xcassets */,
				6FE7AA17299AEFCA00D5A802 /* Preview Content */,
			);
			path = Landmarks;
			sourceTree = "<group>";
		};
		6FE7AA17299AEFCA00D5A802 /* Preview Content */ = {
			isa = PBXGroup;
			children = (
				6FE7AA18299AEFCA00D5A802 /* Preview Assets.xcassets */,
			);
			path = "Preview Content";
			sourceTree = "<group>";
		};
		6FE7AA21299AEFCA00D5A802 /* LandmarksTests */ = {
			isa = PBXGroup;
			children = (
				6FE7AA22299AEFCA00D5A802 /* LandmarksTests.swift */,
			);
			path = LandmarksTests;
			sourceTree = "<group>";
		};
		6FE7AA2B299AEFCA00D5A802 /* LandmarksUITests */ = {
			isa = PBXGroup;
			children = (
				6FE7AA2C299AEFCA00D5A802 /* LandmarksUITests.swift */,
				6FE7AA2E299AEFCA00D5A802 /* LandmarksUITestsLaunchTests.swift */,
			);
			path = LandmarksUITests;
			sourceTree = "<group>";
		};
/* End PBXGroup section */

/* Begin PBXNativeTarget section */
		6FE7AA0D299AEFC900D5A802 /* Landmarks */ = {
			isa = PBXNativeTarget;
			buildConfigurationList = 6FE7AA32299AEFCA00D5A802 /* Build configuration list for PBXNativeTarget "Landmarks" */;
			buildPhases = (
				6FE7AA0A299AEFC900D5A802 /* Sources */,
				6FE7AA0B299AEFC900D5A802 /* Frameworks */,
				6FE7AA0C299AEFC900D5A802 /* Resources */,
			);
			buildRules = (
			);
			dependencies = (
			);
			name = Landmarks;
			productName = Landmarks;
			productReference = 6FE7AA0E299AEFC900D5A802 /* Landmarks.app */;
			productType = "com.apple.product-type.application";
		};
		6FE7AA1D299AEFCA00D5A802 /* LandmarksTests */ = {
			isa = PBXNativeTarget;
			buildConfigurationList = 6FE7AA35299AEFCA00D5A802 /* Build configuration list for PBXNativeTarget "LandmarksTests" */;
			buildPhases = (
				6FE7AA1A299AEFCA00D5A802 /* Sources */,
				6FE7AA1B299AEFCA00D5A802 /* Frameworks */,
				6FE7AA1C299AEFCA00D5A802 /* Resources */,
			);
			buildRules = (
			);
			dependencies = (
				6FE7AA20299AEFCA00D5A802 /* PBXTargetDependency */,
			);
			name = LandmarksTests;
			productName = LandmarksTests;
			productReference = 6FE7AA1E299AEFCA00D5A802 /* LandmarksTests.xctest */;
			productType = "com.apple.product-type.bundle.unit-test";
		};
		6FE7AA27299AEFCA00D5A802 /* LandmarksUITests */ = {
			isa = PBXNativeTarget;
			buildConfigurationList = 6FE7AA38299AEFCA00D5A802 /* Build configuration list for PBXNativeTarget "LandmarksUITests" */;
			buildPhases = (
				6FE7AA24299AEFCA00D5A802 /* Sources */,
				6FE7AA25299AEFCA00D5A802 /* Frameworks */,
				6FE7AA26299AEFCA00D5A802 /* Resources */,
			);
			buildRules = (
			);
			dependencies = (
				6FE7AA2A299AEFCA00D5A802 /* PBXTargetDependency */,
			);
			name = LandmarksUITests;
			productName = LandmarksUITests;
			productReference = 6FE7AA28299AEFCA00D5A802 /* LandmarksUITests.xctest */;
			productType = "com.apple.product-type.bundle.ui-testing";
		};
/* End PBXNativeTarget section */

/* Begin PBXProject section */
		6FE7AA06299AEFC900D5A802 /* Project object */ = {
			isa = PBXProject;
			attributes = {
				BuildIndependentTargetsInParallel = 1;
				LastSwiftUpdateCheck = 1420;
				LastUpgradeCheck = 1420;
				TargetAttributes = {
					6FE7AA0D299AEFC900D5A802 = {
						CreatedOnToolsVersion = 14.2;
					};
					6FE7AA1D299AEFCA00D5A802 = {
						CreatedOnToolsVersion = 14.2;
						TestTargetID = 6FE7AA0D299AEFC900D5A802;
					};
					6FE7AA27299AEFCA00D5A802 = {
						CreatedOnToolsVersion = 14.2;
						TestTargetID = 6FE7AA0D299AEFC900D5A802;
					};
				};
			};
			buildConfigurationList = 6FE7AA09299AEFC900D5A802 /* Build configuration list for PBXProject "Landmarks" */;
			compatibilityVersion = "Xcode 14.0";
			developmentRegion = en;
			hasScannedForEncodings = 0;
			knownRegions = (
				en,
				Base,
			);
			mainGroup = 6FE7AA05299AEFC900D5A802;
			productRefGroup = 6FE7AA0F299AEFC900D5A802 /* Products */;
			projectDirPath = "";
			projectRoot = "";
			targets = (
				6FE7AA0D299AEFC900D5A802 /* Landmarks */,
				6FE7AA1D299AEFCA00D5A802 /* LandmarksTests */,
				6FE7AA27299AEFCA00D5A802 /* LandmarksUITests */,
			);
		};
/* End PBXProject section */

/* Begin PBXResourcesBuildPhase section */
		6FE7AA0C299AEFC900D5A802 /* Resources */ = {
			isa = PBXResourcesBuildPhase;
			buildActionMask = 2147483647;
			files = (
				6FE7AA19299AEFCA00D5A802 /* Preview Assets.xcassets in Resources */,
				6FE7AA16299AEFCA00D5A802 /* Assets.xcassets in Resources */,
			);
			runOnlyForDeploymentPostprocessing = 0;
		};
		6FE7AA1C299AEFCA00D5A802 /* Resources */ = {
			isa = PBXResourcesBuildPhase;
			buildActionMask = 2147483647;
			files = (
			);
			runOnlyForDeploymentPostprocessing = 0;
		};
		6FE7AA26299AEFCA00D5A802 /* Resources */ = {
			isa = PBXResourcesBuildPhase;
			buildActionMask = 2147483647;
			files = (
			);
			runOnlyForDeploymentPostprocessing = 0;
		};
/* End PBXResourcesBuildPhase section */

/* Begin PBXSourcesBuildPhase section */
		6FE7AA0A299AEFC900D5A802 /* Sources */ = {
			isa = PBXSourcesBuildPhase;
			buildActionMask = 2147483647;
			files = (
				6FE7AA40299B1B2400D5A802 /* CircleImage.swift in Sources */,
				6FE7AA14299AEFC900D5A802 /* ContentView.swift in Sources */,
				6FE7AA3E299B123500D5A802 /* MapView.swift in Sources */,
				6FE7AA12299AEFC900D5A802 /* LandmarksApp.swift in Sources */,
			);
			runOnlyForDeploymentPostprocessing = 0;
		};
		6FE7AA1A299AEFCA00D5A802 /* Sources */ = {
			isa = PBXSourcesBuildPhase;
			buildActionMask = 2147483647;
			files = (
				6FE7AA23299AEFCA00D5A802 /* LandmarksTests.swift in Sources */,
			);
			runOnlyForDeploymentPostprocessing = 0;
		};
		6FE7AA24299AEFCA00D5A802 /* Sources */ = {
			isa = PBXSourcesBuildPhase;
			buildActionMask = 2147483647;
			files = (
				6FE7AA2F299AEFCA00D5A802 /* LandmarksUITestsLaunchTests.swift in Sources */,
				6FE7AA2D299AEFCA00D5A802 /* LandmarksUITests.swift in Sources */,
			);
			runOnlyForDeploymentPostprocessing = 0;
		};
/* End PBXSourcesBuildPhase section */

/* Begin PBXTargetDependency section */
		6FE7AA20299AEFCA00D5A802 /* PBXTargetDependency */ = {
			isa = PBXTargetDependency;
			target = 6FE7AA0D299AEFC900D5A802 /* Landmarks */;
			targetProxy = 6FE7AA1F299AEFCA00D5A802 /* PBXContainerItemProxy */;
		};
		6FE7AA2A299AEFCA00D5A802 /* PBXTargetDependency */ = {
			isa = PBXTargetDependency;
			target = 6FE7AA0D299AEFC900D5A802 /* Landmarks */;
			targetProxy = 6FE7AA29299AEFCA00D5A802 /* PBXContainerItemProxy */;
		};
/* End PBXTargetDependency section */

/* Begin XCBuildConfiguration section */
		6FE7AA30299AEFCA00D5A802 /* Debug */ = {
			isa = XCBuildConfiguration;
			buildSettings = {
				ALWAYS_SEARCH_USER_PATHS = NO;
				CLANG_ANALYZER_NONNULL = YES;
				CLANG_ANALYZER_NUMBER_OBJECT_CONVERSION = YES_AGGRESSIVE;
				CLANG_CXX_LANGUAGE_STANDARD = "gnu++20";
				CLANG_ENABLE_MODULES = YES;
				CLANG_ENABLE_OBJC_ARC = YES;
				CLANG_ENABLE_OBJC_WEAK = YES;
				CLANG_WARN_BLOCK_CAPTURE_AUTORELEASING = YES;
				CLANG_WARN_BOOL_CONVERSION = YES;
				CLANG_WARN_COMMA = YES;
				CLANG_WARN_CONSTANT_CONVERSION = YES;
				CLANG_WARN_DEPRECATED_OBJC_IMPLEMENTATIONS = YES;
				CLANG_WARN_DIRECT_OBJC_ISA_USAGE = YES_ERROR;
				CLANG_WARN_DOCUMENTATION_COMMENTS = YES;
				CLANG_WARN_EMPTY_BODY = YES;
				CLANG_WARN_ENUM_CONVERSION = YES;
				CLANG_WARN_INFINITE_RECURSION = YES;
				CLANG_WARN_INT_CONVERSION = YES;
				CLANG_WARN_NON_LITERAL_NULL_CONVERSION = YES;
				CLANG_WARN_OBJC_IMPLICIT_RETAIN_SELF = YES;
				CLANG_WARN_OBJC_LITERAL_CONVERSION = YES;
				CLANG_WARN_OBJC_ROOT_CLASS = YES_ERROR;
				CLANG_WARN_QUOTED_INCLUDE_IN_FRAMEWORK_HEADER = YES;
				CLANG_WARN_RANGE_LOOP_ANALYSIS = YES;
				CLANG_WARN_STRICT_PROTOTYPES = YES;
				CLANG_WARN_SUSPICIOUS_MOVE = YES;
				CLANG_WARN_UNGUARDED_AVAILABILITY = YES_AGGRESSIVE;
				CLANG_WARN_UNREACHABLE_CODE = YES;
				CLANG_WARN__DUPLICATE_METHOD_MATCH = YES;
				COPY_PHASE_STRIP = NO;
				DEBUG_INFORMATION_FORMAT = dwarf;
				ENABLE_STRICT_OBJC_MSGSEND = YES;
				ENABLE_TESTABILITY = YES;
				GCC_C_LANGUAGE_STANDARD = gnu11;
				GCC_DYNAMIC_NO_PIC = NO;
				GCC_NO_COMMON_BLOCKS = YES;
				GCC_OPTIMIZATION_LEVEL = 0;
				GCC_PREPROCESSOR_DEFINITIONS = (
					"DEBUG=1",
					"$(inherited)",
				);
				GCC_WARN_64_TO_32_BIT_CONVERSION = YES;
				GCC_WARN_ABOUT_RETURN_TYPE = YES_ERROR;
				GCC_WARN_UNDECLARED_SELECTOR = YES;
				GCC_WARN_UNINITIALIZED_AUTOS = YES_AGGRESSIVE;
				GCC_WARN_UNUSED_FUNCTION = YES;
				GCC_WARN_UNUSED_VARIABLE = YES;
				IPHONEOS_DEPLOYMENT_TARGET = 16.2;
				MTL_ENABLE_DEBUG_INFO = INCLUDE_SOURCE;
				MTL_FAST_MATH = YES;
				ONLY_ACTIVE_ARCH = YES;
				SDKROOT = iphoneos;
				SWIFT_ACTIVE_COMPILATION_CONDITIONS = DEBUG;
				SWIFT_OPTIMIZATION_LEVEL = "-Onone";
			};
			name = Debug;
		};
		6FE7AA31299AEFCA00D5A802 /* Release */ = {
			isa = XCBuildConfiguration;
			buildSettings = {
				ALWAYS_SEARCH_USER_PATHS = NO;
				CLANG_ANALYZER_NONNULL = YES;
				CLANG_ANALYZER_NUMBER_OBJECT_CONVERSION = YES_AGGRESSIVE;
				CLANG_CXX_LANGUAGE_STANDARD = "gnu++20";
				CLANG_ENABLE_MODULES = YES;
				CLANG_ENABLE_OBJC_ARC = YES;
				CLANG_ENABLE_OBJC_WEAK = YES;
				CLANG_WARN_BLOCK_CAPTURE_AUTORELEASING = YES;
				CLANG_WARN_BOOL_CONVERSION = YES;
				CLANG_WARN_COMMA = YES;
				CLANG_WARN_CONSTANT_CONVERSION = YES;
				CLANG_WARN_DEPRECATED_OBJC_IMPLEMENTATIONS = YES;
				CLANG_WARN_DIRECT_OBJC_ISA_USAGE = YES_ERROR;
				CLANG_WARN_DOCUMENTATION_COMMENTS = YES;
				CLANG_WARN_EMPTY_BODY = YES;
				CLANG_WARN_ENUM_CONVERSION = YES;
				CLANG_WARN_INFINITE_RECURSION = YES;
				CLANG_WARN_INT_CONVERSION = YES;
				CLANG_WARN_NON_LITERAL_NULL_CONVERSION = YES;
				CLANG_WARN_OBJC_IMPLICIT_RETAIN_SELF = YES;
				CLANG_WARN_OBJC_LITERAL_CONVERSION = YES;
				CLANG_WARN_OBJC_ROOT_CLASS = YES_ERROR;
				CLANG_WARN_QUOTED_INCLUDE_IN_FRAMEWORK_HEADER = YES;
				CLANG_WARN_RANGE_LOOP_ANALYSIS = YES;
				CLANG_WARN_STRICT_PROTOTYPES = YES;
				CLANG_WARN_SUSPICIOUS_MOVE = YES;
				CLANG_WARN_UNGUARDED_AVAILABILITY = YES_AGGRESSIVE;
				CLANG_WARN_UNREACHABLE_CODE = YES;
				CLANG_WARN__DUPLICATE_METHOD_MATCH = YES;
				COPY_PHASE_STRIP = NO;
				DEBUG_INFORMATION_FORMAT = "dwarf-with-dsym";
				ENABLE_NS_ASSERTIONS = NO;
				ENABLE_STRICT_OBJC_MSGSEND = YES;
				GCC_C_LANGUAGE_STANDARD = gnu11;
				GCC_NO_COMMON_BLOCKS = YES;
				GCC_WARN_64_TO_32_BIT_CONVERSION = YES;
				GCC_WARN_ABOUT_RETURN_TYPE = YES_ERROR;
				GCC_WARN_UNDECLARED_SELECTOR = YES;
				GCC_WARN_UNINITIALIZED_AUTOS = YES_AGGRESSIVE;
				GCC_WARN_UNUSED_FUNCTION = YES;
				GCC_WARN_UNUSED_VARIABLE = YES;
				IPHONEOS_DEPLOYMENT_TARGET = 16.2;
				MTL_ENABLE_DEBUG_INFO = NO;
				MTL_FAST_MATH = YES;
				SDKROOT = iphoneos;
				SWIFT_COMPILATION_MODE = wholemodule;
				SWIFT_OPTIMIZATION_LEVEL = "-O";
				VALIDATE_PRODUCT = YES;
			};
			name = Release;
		};
		6FE7AA33299AEFCA00D5A802 /* Debug */ = {
			isa = XCBuildConfiguration;
			buildSettings = {
				ASSETCATALOG_COMPILER_APPICON_NAME = AppIcon;
				ASSETCATALOG_COMPILER_GLOBAL_ACCENT_COLOR_NAME = AccentColor;
				CODE_SIGN_STYLE = Automatic;
				CURRENT_PROJECT_VERSION = 1;
				DEVELOPMENT_ASSET_PATHS = "\"Landmarks/Preview Content\"";
				DEVELOPMENT_TEAM = 3NTM6TX4R5;
				ENABLE_PREVIEWS = YES;
				GENERATE_INFOPLIST_FILE = YES;
				INFOPLIST_KEY_UIApplicationSceneManifest_Generation = YES;
				INFOPLIST_KEY_UIApplicationSupportsIndirectInputEvents = YES;
				INFOPLIST_KEY_UILaunchScreen_Generation = YES;
				INFOPLIST_KEY_UISupportedInterfaceOrientations_iPad = "UIInterfaceOrientationPortrait UIInterfaceOrientationPortraitUpsideDown UIInterfaceOrientationLandscapeLeft UIInterfaceOrientationLandscapeRight";
				INFOPLIST_KEY_UISupportedInterfaceOrientations_iPhone = "UIInterfaceOrientationPortrait UIInterfaceOrientationLandscapeLeft UIInterfaceOrientationLandscapeRight";
				LD_RUNPATH_SEARCH_PATHS = (
					"$(inherited)",
					"@executable_path/Frameworks",
				);
				MARKETING_VERSION = 1.0;
				PRODUCT_BUNDLE_IDENTIFIER = Kerwin.com.Landmarks;
				PRODUCT_NAME = "$(TARGET_NAME)";
				SWIFT_EMIT_LOC_STRINGS = YES;
				SWIFT_VERSION = 5.0;
				TARGETED_DEVICE_FAMILY = "1,2";
			};
			name = Debug;
		};
		6FE7AA34299AEFCA00D5A802 /* Release */ = {
			isa = XCBuildConfiguration;
			buildSettings = {
				ASSETCATALOG_COMPILER_APPICON_NAME = AppIcon;
				ASSETCATALOG_COMPILER_GLOBAL_ACCENT_COLOR_NAME = AccentColor;
				CODE_SIGN_STYLE = Automatic;
				CURRENT_PROJECT_VERSION = 1;
				DEVELOPMENT_ASSET_PATHS = "\"Landmarks/Preview Content\"";
				DEVELOPMENT_TEAM = 3NTM6TX4R5;
				ENABLE_PREVIEWS = YES;
				GENERATE_INFOPLIST_FILE = YES;
				INFOPLIST_KEY_UIApplicationSceneManifest_Generation = YES;
				INFOPLIST_KEY_UIApplicationSupportsIndirectInputEvents = YES;
				INFOPLIST_KEY_UILaunchScreen_Generation = YES;
				INFOPLIST_KEY_UISupportedInterfaceOrientations_iPad = "UIInterfaceOrientationPortrait UIInterfaceOrientationPortraitUpsideDown UIInterfaceOrientationLandscapeLeft UIInterfaceOrientationLandscapeRight";
				INFOPLIST_KEY_UISupportedInterfaceOrientations_iPhone = "UIInterfaceOrientationPortrait UIInterfaceOrientationLandscapeLeft UIInterfaceOrientationLandscapeRight";
				LD_RUNPATH_SEARCH_PATHS = (
					"$(inherited)",
					"@executable_path/Frameworks",
				);
				MARKETING_VERSION = 1.0;
				PRODUCT_BUNDLE_IDENTIFIER = Kerwin.com.Landmarks;
				PRODUCT_NAME = "$(TARGET_NAME)";
				SWIFT_EMIT_LOC_STRINGS = YES;
				SWIFT_VERSION = 5.0;
				TARGETED_DEVICE_FAMILY = "1,2";
			};
			name = Release;
		};
		6FE7AA36299AEFCA00D5A802 /* Debug */ = {
			isa = XCBuildConfiguration;
			buildSettings = {
				ALWAYS_EMBED_SWIFT_STANDARD_LIBRARIES = YES;
				BUNDLE_LOADER = "$(TEST_HOST)";
				CODE_SIGN_STYLE = Automatic;
				CURRENT_PROJECT_VERSION = 1;
				DEVELOPMENT_TEAM = 3NTM6TX4R5;
				GENERATE_INFOPLIST_FILE = YES;
				IPHONEOS_DEPLOYMENT_TARGET = 16.2;
				MARKETING_VERSION = 1.0;
				PRODUCT_BUNDLE_IDENTIFIER = Kerwin.com.LandmarksTests;
				PRODUCT_NAME = "$(TARGET_NAME)";
				SWIFT_EMIT_LOC_STRINGS = NO;
				SWIFT_VERSION = 5.0;
				TARGETED_DEVICE_FAMILY = "1,2";
				TEST_HOST = "$(BUILT_PRODUCTS_DIR)/Landmarks.app/$(BUNDLE_EXECUTABLE_FOLDER_PATH)/Landmarks";
			};
			name = Debug;
		};
		6FE7AA37299AEFCA00D5A802 /* Release */ = {
			isa = XCBuildConfiguration;
			buildSettings = {
				ALWAYS_EMBED_SWIFT_STANDARD_LIBRARIES = YES;
				BUNDLE_LOADER = "$(TEST_HOST)";
				CODE_SIGN_STYLE = Automatic;
				CURRENT_PROJECT_VERSION = 1;
				DEVELOPMENT_TEAM = 3NTM6TX4R5;
				GENERATE_INFOPLIST_FILE = YES;
				IPHONEOS_DEPLOYMENT_TARGET = 16.2;
				MARKETING_VERSION = 1.0;
				PRODUCT_BUNDLE_IDENTIFIER = Kerwin.com.LandmarksTests;
				PRODUCT_NAME = "$(TARGET_NAME)";
				SWIFT_EMIT_LOC_STRINGS = NO;
				SWIFT_VERSION = 5.0;
				TARGETED_DEVICE_FAMILY = "1,2";
				TEST_HOST = "$(BUILT_PRODUCTS_DIR)/Landmarks.app/$(BUNDLE_EXECUTABLE_FOLDER_PATH)/Landmarks";
			};
			name = Release;
		};
		6FE7AA39299AEFCA00D5A802 /* Debug */ = {
			isa = XCBuildConfiguration;
			buildSettings = {
				ALWAYS_EMBED_SWIFT_STANDARD_LIBRARIES = YES;
				CODE_SIGN_STYLE = Automatic;
				CURRENT_PROJECT_VERSION = 1;
				DEVELOPMENT_TEAM = 3NTM6TX4R5;
				GENERATE_INFOPLIST_FILE = YES;
				MARKETING_VERSION = 1.0;
				PRODUCT_BUNDLE_IDENTIFIER = Kerwin.com.LandmarksUITests;
				PRODUCT_NAME = "$(TARGET_NAME)";
				SWIFT_EMIT_LOC_STRINGS = NO;
				SWIFT_VERSION = 5.0;
				TARGETED_DEVICE_FAMILY = "1,2";
				TEST_TARGET_NAME = Landmarks;
			};
			name = Debug;
		};
		6FE7AA3A299AEFCA00D5A802 /* Release */ = {
			isa = XCBuildConfiguration;
			buildSettings = {
				ALWAYS_EMBED_SWIFT_STANDARD_LIBRARIES = YES;
				CODE_SIGN_STYLE = Automatic;
				CURRENT_PROJECT_VERSION = 1;
				DEVELOPMENT_TEAM = 3NTM6TX4R5;
				GENERATE_INFOPLIST_FILE = YES;
				MARKETING_VERSION = 1.0;
				PRODUCT_BUNDLE_IDENTIFIER = Kerwin.com.LandmarksUITests;
				PRODUCT_NAME = "$(TARGET_NAME)";
				SWIFT_EMIT_LOC_STRINGS = NO;
				SWIFT_VERSION = 5.0;
				TARGETED_DEVICE_FAMILY = "1,2";
				TEST_TARGET_NAME = Landmarks;
			};
			name = Release;
		};
/* End XCBuildConfiguration section */

/* Begin XCConfigurationList section */
		6FE7AA09299AEFC900D5A802 /* Build configuration list for PBXProject "Landmarks" */ = {
			isa = XCConfigurationList;
			buildConfigurations = (
				6FE7AA30299AEFCA00D5A802 /* Debug */,
				6FE7AA31299AEFCA00D5A802 /* Release */,
			);
			defaultConfigurationIsVisible = 0;
			defaultConfigurationName = Release;
		};
		6FE7AA32299AEFCA00D5A802 /* Build configuration list for PBXNativeTarget "Landmarks" */ = {
			isa = XCConfigurationList;
			buildConfigurations = (
				6FE7AA33299AEFCA00D5A802 /* Debug */,
				6FE7AA34299AEFCA00D5A802 /* Release */,
			);
			defaultConfigurationIsVisible = 0;
			defaultConfigurationName = Release;
		};
		6FE7AA35299AEFCA00D5A802 /* Build configuration list for PBXNativeTarget "LandmarksTests" */ = {
			isa = XCConfigurationList;
			buildConfigurations = (
				6FE7AA36299AEFCA00D5A802 /* Debug */,
				6FE7AA37299AEFCA00D5A802 /* Release */,
			);
			defaultConfigurationIsVisible = 0;
			defaultConfigurationName = Release;
		};
		6FE7AA38299AEFCA00D5A802 /* Build configuration list for PBXNativeTarget "LandmarksUITests" */ = {
			isa = XCConfigurationList;
			buildConfigurations = (
				6FE7AA39299AEFCA00D5A802 /* Debug */,
				6FE7AA3A299AEFCA00D5A802 /* Release */,
			);
			defaultConfigurationIsVisible = 0;
			defaultConfigurationName = Release;
		};
/* End XCConfigurationList section */
	};
	rootObject = 6FE7AA06299AEFC900D5A802 /* Project object */;
}
